
Microsoft Visual Studio Solution File, Format Version 12.00
# Visual Studio Version 17
VisualStudioVersion = 17.1.32210.238
MinimumVisualStudioVersion = 10.0.40219.1
Project("{9A19103F-16F7-4668-BE54-9A1E7A4F7556}") = "Synchronizer", "Synchronizer\Synchronizer.csproj", "{4CC5434A-53AE-4332-89A4-BE9421C032B8}"
EndProject
Project("{9A19103F-16F7-4668-BE54-9A1E7A4F7556}") = "SHARP.DAL", "SHARP.DAL\SHARP.DAL.csproj", "{45A93751-A2C2-4AD5-9BB8-E5F5FF51DD1F}"
EndProject
Project("{9A19103F-16F7-4668-BE54-9A1E7A4F7556}") = "SHARP.BusinessLogic", "SHARP.BusinessLogic\SHARP.BusinessLogic.csproj", "{DB59F5D2-CBBE-4EE5-A1D8-F702F8EB8C93}"
EndProject
Project("{9A19103F-16F7-4668-BE54-9A1E7A4F7556}") = "SHARP", "SHARP\SHARP.csproj", "{56AD64B1-2C67-4AF3-A415-861DA0C102D6}"
EndProject
Project("{9A19103F-16F7-4668-BE54-9A1E7A4F7556}") = "PCCApi", "PCCApi\PCCApi.csproj", "{3D34557F-6F3A-47EF-9A0D-45C0CF94DF6B}"
EndProject
Project("{9A19103F-16F7-4668-BE54-9A1E7A4F7556}") = "SHARP.Common", "Common\SHARP.Common.csproj", "{6B3A9A9E-C023-43A1-AACC-9A0202BBD9AA}"
EndProject
Project("{9A19103F-16F7-4668-BE54-9A1E7A4F7556}") = "Migrator", "Migrator\Migrator.csproj", "{19AA9511-0B10-4AE2-AA99-084915E566C2}"
EndProject
Project("{9A19103F-16F7-4668-BE54-9A1E7A4F7556}") = "SHARP.BusinessLogic.Tests", "SHARP.Tests\SHARP.BusinessLogic.Tests.csproj", "{E693D0A7-4F00-4D79-BD3C-7AEAD41396E7}"
EndProject
Project("{2150E333-8FDC-42A3-9474-1A3956D46DE8}") = "Tests", "Tests", "{8DE48B6A-79E7-4DA1-A814-B2454D66F398}"
EndProject
Project("{9A19103F-16F7-4668-BE54-9A1E7A4F7556}") = "SHARP.Tests.Core", "SHARP.Tests.Core\SHARP.Tests.Core.csproj", "{E5324D7F-64ED-4710-8F0E-BABE2AF12AC5}"
EndProject
Project("{9A19103F-16F7-4668-BE54-9A1E7A4F7556}") = "SHARP.DAL.Tests", "SHARP.DAL.Tests\SHARP.DAL.Tests.csproj", "{CE8BF310-7296-48D7-865F-12F0EDFC2D9D}"
EndProject
Project("{9A19103F-16F7-4668-BE54-9A1E7A4F7556}") = "SNFApi", "SNFApi\SNFApi.csproj", "{08D4F526-CA65-44E5-A293-B0A43E4ACFF5}"
EndProject
Project("{9A19103F-16F7-4668-BE54-9A1E7A4F7556}") = "GeneratePdf", "GeneratePdf\GeneratePdf.csproj", "{65494F08-4F09-45BE-8043-6062F797E84D}"
EndProject
Project("{9A19103F-16F7-4668-BE54-9A1E7A4F7556}") = "GenerateCombinedPdfFunction", "GenerateCombinedPdfFunction\GenerateCombinedPdfFunction.csproj", "{613DB76D-DB88-4B4F-B3BE-DD7B55CDDF4C}"
EndProject
Project("{FAE04EC0-301F-11D3-BF4B-00C04F79EFBC}") = "TableauAPI", "TableauAPI\TableauAPI.csproj", "{1C4472ED-9D3D-411A-AB4F-A3AF545CA358}"
EndProject
Global
	GlobalSection(SolutionConfigurationPlatforms) = preSolution
		Debug|Any CPU = Debug|Any CPU
		Release|Any CPU = Release|Any CPU
		Staging|Any CPU = Staging|Any CPU
		Test|Any CPU = Test|Any CPU
	EndGlobalSection
	GlobalSection(ProjectConfigurationPlatforms) = postSolution
		{4CC5434A-53AE-4332-89A4-BE9421C032B8}.Debug|Any CPU.ActiveCfg = Debug|Any CPU
		{4CC5434A-53AE-4332-89A4-BE9421C032B8}.Debug|Any CPU.Build.0 = Debug|Any CPU
		{4CC5434A-53AE-4332-89A4-BE9421C032B8}.Release|Any CPU.ActiveCfg = Release|Any CPU
		{4CC5434A-53AE-4332-89A4-BE9421C032B8}.Release|Any CPU.Build.0 = Release|Any CPU
		{4CC5434A-53AE-4332-89A4-BE9421C032B8}.Staging|Any CPU.ActiveCfg = Staging|Any CPU
		{4CC5434A-53AE-4332-89A4-BE9421C032B8}.Staging|Any CPU.Build.0 = Staging|Any CPU
		{4CC5434A-53AE-4332-89A4-BE9421C032B8}.Test|Any CPU.ActiveCfg = Test|Any CPU
		{4CC5434A-53AE-4332-89A4-BE9421C032B8}.Test|Any CPU.Build.0 = Test|Any CPU
		{45A93751-A2C2-4AD5-9BB8-E5F5FF51DD1F}.Debug|Any CPU.ActiveCfg = Debug|Any CPU
		{45A93751-A2C2-4AD5-9BB8-E5F5FF51DD1F}.Debug|Any CPU.Build.0 = Debug|Any CPU
		{45A93751-A2C2-4AD5-9BB8-E5F5FF51DD1F}.Release|Any CPU.ActiveCfg = Release|Any CPU
		{45A93751-A2C2-4AD5-9BB8-E5F5FF51DD1F}.Release|Any CPU.Build.0 = Release|Any CPU
		{45A93751-A2C2-4AD5-9BB8-E5F5FF51DD1F}.Staging|Any CPU.ActiveCfg = Staging|Any CPU
		{45A93751-A2C2-4AD5-9BB8-E5F5FF51DD1F}.Staging|Any CPU.Build.0 = Staging|Any CPU
		{45A93751-A2C2-4AD5-9BB8-E5F5FF51DD1F}.Test|Any CPU.ActiveCfg = Test|Any CPU
		{45A93751-A2C2-4AD5-9BB8-E5F5FF51DD1F}.Test|Any CPU.Build.0 = Test|Any CPU
		{DB59F5D2-CBBE-4EE5-A1D8-F702F8EB8C93}.Debug|Any CPU.ActiveCfg = Debug|Any CPU
		{DB59F5D2-CBBE-4EE5-A1D8-F702F8EB8C93}.Debug|Any CPU.Build.0 = Debug|Any CPU
		{DB59F5D2-CBBE-4EE5-A1D8-F702F8EB8C93}.Release|Any CPU.ActiveCfg = Release|Any CPU
		{DB59F5D2-CBBE-4EE5-A1D8-F702F8EB8C93}.Release|Any CPU.Build.0 = Release|Any CPU
		{DB59F5D2-CBBE-4EE5-A1D8-F702F8EB8C93}.Staging|Any CPU.ActiveCfg = Staging|Any CPU
		{DB59F5D2-CBBE-4EE5-A1D8-F702F8EB8C93}.Staging|Any CPU.Build.0 = Staging|Any CPU
		{DB59F5D2-CBBE-4EE5-A1D8-F702F8EB8C93}.Test|Any CPU.ActiveCfg = Test|Any CPU
		{DB59F5D2-CBBE-4EE5-A1D8-F702F8EB8C93}.Test|Any CPU.Build.0 = Test|Any CPU
		{56AD64B1-2C67-4AF3-A415-861DA0C102D6}.Debug|Any CPU.ActiveCfg = Debug|Any CPU
		{56AD64B1-2C67-4AF3-A415-861DA0C102D6}.Debug|Any CPU.Build.0 = Debug|Any CPU
		{56AD64B1-2C67-4AF3-A415-861DA0C102D6}.Release|Any CPU.ActiveCfg = Release|Any CPU
		{56AD64B1-2C67-4AF3-A415-861DA0C102D6}.Release|Any CPU.Build.0 = Release|Any CPU
		{56AD64B1-2C67-4AF3-A415-861DA0C102D6}.Staging|Any CPU.ActiveCfg = Staging|Any CPU
		{56AD64B1-2C67-4AF3-A415-861DA0C102D6}.Staging|Any CPU.Build.0 = Staging|Any CPU
		{56AD64B1-2C67-4AF3-A415-861DA0C102D6}.Test|Any CPU.ActiveCfg = Test|Any CPU
		{56AD64B1-2C67-4AF3-A415-861DA0C102D6}.Test|Any CPU.Build.0 = Test|Any CPU
		{3D34557F-6F3A-47EF-9A0D-45C0CF94DF6B}.Debug|Any CPU.ActiveCfg = Debug|Any CPU
		{3D34557F-6F3A-47EF-9A0D-45C0CF94DF6B}.Debug|Any CPU.Build.0 = Debug|Any CPU
		{3D34557F-6F3A-47EF-9A0D-45C0CF94DF6B}.Release|Any CPU.ActiveCfg = Release|Any CPU
		{3D34557F-6F3A-47EF-9A0D-45C0CF94DF6B}.Release|Any CPU.Build.0 = Release|Any CPU
		{3D34557F-6F3A-47EF-9A0D-45C0CF94DF6B}.Staging|Any CPU.ActiveCfg = Staging|Any CPU
		{3D34557F-6F3A-47EF-9A0D-45C0CF94DF6B}.Staging|Any CPU.Build.0 = Staging|Any CPU
		{3D34557F-6F3A-47EF-9A0D-45C0CF94DF6B}.Test|Any CPU.ActiveCfg = Test|Any CPU
		{3D34557F-6F3A-47EF-9A0D-45C0CF94DF6B}.Test|Any CPU.Build.0 = Test|Any CPU
		{6B3A9A9E-C023-43A1-AACC-9A0202BBD9AA}.Debug|Any CPU.ActiveCfg = Debug|Any CPU
		{6B3A9A9E-C023-43A1-AACC-9A0202BBD9AA}.Debug|Any CPU.Build.0 = Debug|Any CPU
		{6B3A9A9E-C023-43A1-AACC-9A0202BBD9AA}.Release|Any CPU.ActiveCfg = Release|Any CPU
		{6B3A9A9E-C023-43A1-AACC-9A0202BBD9AA}.Release|Any CPU.Build.0 = Release|Any CPU
		{6B3A9A9E-C023-43A1-AACC-9A0202BBD9AA}.Staging|Any CPU.ActiveCfg = Staging|Any CPU
		{6B3A9A9E-C023-43A1-AACC-9A0202BBD9AA}.Staging|Any CPU.Build.0 = Staging|Any CPU
		{6B3A9A9E-C023-43A1-AACC-9A0202BBD9AA}.Test|Any CPU.ActiveCfg = Test|Any CPU
		{6B3A9A9E-C023-43A1-AACC-9A0202BBD9AA}.Test|Any CPU.Build.0 = Test|Any CPU
		{19AA9511-0B10-4AE2-AA99-084915E566C2}.Debug|Any CPU.ActiveCfg = Debug|Any CPU
		{19AA9511-0B10-4AE2-AA99-084915E566C2}.Debug|Any CPU.Build.0 = Debug|Any CPU
		{19AA9511-0B10-4AE2-AA99-084915E566C2}.Release|Any CPU.ActiveCfg = Release|Any CPU
		{19AA9511-0B10-4AE2-AA99-084915E566C2}.Release|Any CPU.Build.0 = Release|Any CPU
		{19AA9511-0B10-4AE2-AA99-084915E566C2}.Staging|Any CPU.ActiveCfg = Staging|Any CPU
		{19AA9511-0B10-4AE2-AA99-084915E566C2}.Staging|Any CPU.Build.0 = Staging|Any CPU
		{19AA9511-0B10-4AE2-AA99-084915E566C2}.Test|Any CPU.ActiveCfg = Test|Any CPU
		{19AA9511-0B10-4AE2-AA99-084915E566C2}.Test|Any CPU.Build.0 = Test|Any CPU
		{E693D0A7-4F00-4D79-BD3C-7AEAD41396E7}.Debug|Any CPU.ActiveCfg = Debug|Any CPU
		{E693D0A7-4F00-4D79-BD3C-7AEAD41396E7}.Debug|Any CPU.Build.0 = Debug|Any CPU
		{E693D0A7-4F00-4D79-BD3C-7AEAD41396E7}.Release|Any CPU.ActiveCfg = Release|Any CPU
		{E693D0A7-4F00-4D79-BD3C-7AEAD41396E7}.Release|Any CPU.Build.0 = Release|Any CPU
		{E693D0A7-4F00-4D79-BD3C-7AEAD41396E7}.Staging|Any CPU.ActiveCfg = Staging|Any CPU
		{E693D0A7-4F00-4D79-BD3C-7AEAD41396E7}.Staging|Any CPU.Build.0 = Staging|Any CPU
		{E693D0A7-4F00-4D79-BD3C-7AEAD41396E7}.Test|Any CPU.ActiveCfg = Test|Any CPU
		{E693D0A7-4F00-4D79-BD3C-7AEAD41396E7}.Test|Any CPU.Build.0 = Test|Any CPU
		{E5324D7F-64ED-4710-8F0E-BABE2AF12AC5}.Debug|Any CPU.ActiveCfg = Debug|Any CPU
		{E5324D7F-64ED-4710-8F0E-BABE2AF12AC5}.Debug|Any CPU.Build.0 = Debug|Any CPU
		{E5324D7F-64ED-4710-8F0E-BABE2AF12AC5}.Release|Any CPU.ActiveCfg = Release|Any CPU
		{E5324D7F-64ED-4710-8F0E-BABE2AF12AC5}.Release|Any CPU.Build.0 = Release|Any CPU
		{E5324D7F-64ED-4710-8F0E-BABE2AF12AC5}.Staging|Any CPU.ActiveCfg = Staging|Any CPU
		{E5324D7F-64ED-4710-8F0E-BABE2AF12AC5}.Staging|Any CPU.Build.0 = Staging|Any CPU
		{E5324D7F-64ED-4710-8F0E-BABE2AF12AC5}.Test|Any CPU.ActiveCfg = Test|Any CPU
		{E5324D7F-64ED-4710-8F0E-BABE2AF12AC5}.Test|Any CPU.Build.0 = Test|Any CPU
		{CE8BF310-7296-48D7-865F-12F0EDFC2D9D}.Debug|Any CPU.ActiveCfg = Debug|Any CPU
		{CE8BF310-7296-48D7-865F-12F0EDFC2D9D}.Debug|Any CPU.Build.0 = Debug|Any CPU
		{CE8BF310-7296-48D7-865F-12F0EDFC2D9D}.Release|Any CPU.ActiveCfg = Release|Any CPU
		{CE8BF310-7296-48D7-865F-12F0EDFC2D9D}.Release|Any CPU.Build.0 = Release|Any CPU
		{CE8BF310-7296-48D7-865F-12F0EDFC2D9D}.Staging|Any CPU.ActiveCfg = Staging|Any CPU
		{CE8BF310-7296-48D7-865F-12F0EDFC2D9D}.Staging|Any CPU.Build.0 = Staging|Any CPU
		{CE8BF310-7296-48D7-865F-12F0EDFC2D9D}.Test|Any CPU.ActiveCfg = Test|Any CPU
		{CE8BF310-7296-48D7-865F-12F0EDFC2D9D}.Test|Any CPU.Build.0 = Test|Any CPU
		{08D4F526-CA65-44E5-A293-B0A43E4ACFF5}.Debug|Any CPU.ActiveCfg = Debug|Any CPU
		{08D4F526-CA65-44E5-A293-B0A43E4ACFF5}.Debug|Any CPU.Build.0 = Debug|Any CPU
		{08D4F526-CA65-44E5-A293-B0A43E4ACFF5}.Release|Any CPU.ActiveCfg = Release|Any CPU
		{08D4F526-CA65-44E5-A293-B0A43E4ACFF5}.Release|Any CPU.Build.0 = Release|Any CPU
		{08D4F526-CA65-44E5-A293-B0A43E4ACFF5}.Staging|Any CPU.ActiveCfg = Staging|Any CPU
		{08D4F526-CA65-44E5-A293-B0A43E4ACFF5}.Staging|Any CPU.Build.0 = Staging|Any CPU
		{08D4F526-CA65-44E5-A293-B0A43E4ACFF5}.Test|Any CPU.ActiveCfg = Test|Any CPU
		{08D4F526-CA65-44E5-A293-B0A43E4ACFF5}.Test|Any CPU.Build.0 = Test|Any CPU
		{65494F08-4F09-45BE-8043-6062F797E84D}.Debug|Any CPU.ActiveCfg = Debug|Any CPU
		{65494F08-4F09-45BE-8043-6062F797E84D}.Debug|Any CPU.Build.0 = Debug|Any CPU
		{65494F08-4F09-45BE-8043-6062F797E84D}.Release|Any CPU.ActiveCfg = Release|Any CPU
		{65494F08-4F09-45BE-8043-6062F797E84D}.Release|Any CPU.Build.0 = Release|Any CPU
		{65494F08-4F09-45BE-8043-6062F797E84D}.Staging|Any CPU.ActiveCfg = Debug|Any CPU
		{65494F08-4F09-45BE-8043-6062F797E84D}.Staging|Any CPU.Build.0 = Debug|Any CPU
		{65494F08-4F09-45BE-8043-6062F797E84D}.Test|Any CPU.ActiveCfg = Release|Any CPU
		{65494F08-4F09-45BE-8043-6062F797E84D}.Test|Any CPU.Build.0 = Release|Any CPU
		{613DB76D-DB88-4B4F-B3BE-DD7B55CDDF4C}.Debug|Any CPU.ActiveCfg = Debug|Any CPU
		{613DB76D-DB88-4B4F-B3BE-DD7B55CDDF4C}.Debug|Any CPU.Build.0 = Debug|Any CPU
		{613DB76D-DB88-4B4F-B3BE-DD7B55CDDF4C}.Release|Any CPU.ActiveCfg = Release|Any CPU
		{613DB76D-DB88-4B4F-B3BE-DD7B55CDDF4C}.Release|Any CPU.Build.0 = Release|Any CPU
		{613DB76D-DB88-4B4F-B3BE-DD7B55CDDF4C}.Staging|Any CPU.ActiveCfg = Debug|Any CPU
		{613DB76D-DB88-4B4F-B3BE-DD7B55CDDF4C}.Staging|Any CPU.Build.0 = Debug|Any CPU
		{613DB76D-DB88-4B4F-B3BE-DD7B55CDDF4C}.Test|Any CPU.ActiveCfg = Release|Any CPU
		{613DB76D-DB88-4B4F-B3BE-DD7B55CDDF4C}.Test|Any CPU.Build.0 = Release|Any CPU
		{1C4472ED-9D3D-411A-AB4F-A3AF545CA358}.Debug|Any CPU.ActiveCfg = Debug|Any CPU
		{1C4472ED-9D3D-411A-AB4F-A3AF545CA358}.Debug|Any CPU.Build.0 = Debug|Any CPU
		{1C4472ED-9D3D-411A-AB4F-A3AF545CA358}.Release|Any CPU.ActiveCfg = Release|Any CPU
		{1C4472ED-9D3D-411A-AB4F-A3AF545CA358}.Release|Any CPU.Build.0 = Release|Any CPU
		{1C4472ED-9D3D-411A-AB4F-A3AF545CA358}.Staging|Any CPU.ActiveCfg = Debug|Any CPU
		{1C4472ED-9D3D-411A-AB4F-A3AF545CA358}.Staging|Any CPU.Build.0 = Debug|Any CPU
		{1C4472ED-9D3D-411A-AB4F-A3AF545CA358}.Test|Any CPU.ActiveCfg = Debug|Any CPU
		{1C4472ED-9D3D-411A-AB4F-A3AF545CA358}.Test|Any CPU.Build.0 = Debug|Any CPU
	EndGlobalSection
	GlobalSection(SolutionProperties) = preSolution
		HideSolutionNode = FALSE
	EndGlobalSection
	GlobalSection(NestedProjects) = preSolution
		{E693D0A7-4F00-4D79-BD3C-7AEAD41396E7} = {8DE48B6A-79E7-4DA1-A814-B2454D66F398}
		{E5324D7F-64ED-4710-8F0E-BABE2AF12AC5} = {8DE48B6A-79E7-4DA1-A814-B2454D66F398}
		{CE8BF310-7296-48D7-865F-12F0EDFC2D9D} = {8DE48B6A-79E7-4DA1-A814-B2454D66F398}
	EndGlobalSection
	GlobalSection(ExtensibilityGlobals) = postSolution
		SolutionGuid = {835D5B41-CC46-47F9-B9E6-AAC91227F2D1}
	EndGlobalSection
EndGlobal
